
Microsoft Visual Studio Solution File, Format Version 12.00
# Visual Studio Version 17
VisualStudioVersion = 17.4.33213.308
MinimumVisualStudioVersion = 10.0.40219.1
Project("{FAE04EC0-301F-11D3-BF4B-00C04F79EFBC}") = "COMP003A.Assignment7", "COMP003A.Assignment7\COMP003A.Assignment7.csproj", "{FBBB8566-E271-4206-BD5B-6EB6D99825C9}"
EndProject
Global
	GlobalSection(SolutionConfigurationPlatforms) = preSolution
		Debug|Any CPU = Debug|Any CPU
		Release|Any CPU = Release|Any CPU
	EndGlobalSection
	GlobalSection(ProjectConfigurationPlatforms) = postSolution
		{FBBB8566-E271-4206-BD5B-6EB6D99825C9}.Debug|Any CPU.ActiveCfg = Debug|Any CPU
		{FBBB8566-E271-4206-BD5B-6EB6D99825C9}.Debug|Any CPU.Build.0 = Debug|Any CPU
		{FBBB8566-E271-4206-BD5B-6EB6D99825C9}.Release|Any CPU.ActiveCfg = Release|Any CPU
		{FBBB8566-E271-4206-BD5B-6EB6D99825C9}.Release|Any CPU.Build.0 = Release|Any CPU
	EndGlobalSection
	GlobalSection(SolutionProperties) = preSolution
		HideSolutionNode = FALSE
	EndGlobalSection
	GlobalSection(ExtensibilityGlobals) = postSolution
		SolutionGuid = {FF89839F-CDE2-41B6-9F81-DEBF59BEC3E9}
	EndGlobalSection
EndGlobal
